{
  "lockfile_version": "1",
  "packages": {
    "git@latest": {
      "last_modified": "2025-04-17T05:47:26Z",
      "resolved": "github:NixOS/nixpkgs/ebe4301cbd8f81c4f8d3244b3632338bbeb6d49c#git",
      "source": "devbox-search",
      "version": "2.49.0",
      "systems": {
        "aarch64-darwin": {
          "outputs": [
            {
              "name": "out",
              "path": "/nix/store/s5b9rm8fjxggjak0yl2dkxzswfpzl8p8-git-2.49.0",
              "default": true
            },
            {
              "name": "doc",
              "path": "/nix/store/2hygrabh741w0ynwcb6gy2922cx4fnj3-git-2.49.0-doc"
            }
          ],
          "store_path": "/nix/store/s5b9rm8fjxggjak0yl2dkxzswfpzl8p8-git-2.49.0"
        },
        "aarch64-linux": {
          "outputs": [
            {
              "name": "out",
              "path": "/nix/store/rs24n34brzvcmgld6mgfg0dd7ynv26pp-git-2.49.0",
              "default": true
            },
            {
              "name": "debug",
              "path": "/nix/store/wgki5jsxgg6lxqh98jgbj9dnwv7f68cw-git-2.49.0-debug"
            },
            {
              "name": "doc",
              "path": "/nix/store/3h7fnw0qhy92c8iyrv2i64r6wywsnjsa-git-2.49.0-doc"
            }
          ],
          "store_path": "/nix/store/rs24n34brzvcmgld6mgfg0dd7ynv26pp-git-2.49.0"
        },
        "x86_64-darwin": {
          "outputs": [
            {
              "name": "out",
              "path": "/nix/store/0zv7h6mzrxk0sarvis22imr9nmnmqlpg-git-2.49.0",
              "default": true
            },
            {
              "name": "doc",
              "path": "/nix/store/yiy6g5pi9jvp2nzgd4ncfwbhs13nwwz1-git-2.49.0-doc"
            }
          ],
          "store_path": "/nix/store/0zv7h6mzrxk0sarvis22imr9nmnmqlpg-git-2.49.0"
        },
        "x86_64-linux": {
          "outputs": [
            {
              "name": "out",
              "path": "/nix/store/z8z1mhfnvw40dwljqazxv0343sv5ds2g-git-2.49.0",
              "default": true
            },
            {
              "name": "debug",
              "path": "/nix/store/w547h0xwq9489xnqg1ddqlh1v71xvng8-git-2.49.0-debug"
            },
            {
              "name": "doc",
              "path": "/nix/store/rjjf5h1qcwgdxs9w23h6p0bhavgaknyh-git-2.49.0-doc"
            }
          ],
          "store_path": "/nix/store/z8z1mhfnvw40dwljqazxv0343sv5ds2g-git-2.49.0"
        }
      }
    },
    "github:NixOS/nixpkgs/nixpkgs-unstable": {
      "last_modified": "2025-05-07T00:09:58Z",
      "resolved": "github:NixOS/nixpkgs/b3582c75c7f21ce0b429898980eddbbf05c68e55?lastModified=1746576598&narHash=sha256-FshoQvr6Aor5SnORVvh%2FZdJ1Sa2U4ZrIMwKBX5k2wu0%3D"
    },
    "helix@latest": {
      "last_modified": "2025-04-17T05:47:26Z",
      "resolved": "github:NixOS/nixpkgs/ebe4301cbd8f81c4f8d3244b3632338bbeb6d49c#helix",
      "source": "devbox-search",
      "version": "25.01.1",
      "systems": {
        "aarch64-darwin": {
          "outputs": [
            {
              "name": "out",
              "path": "/nix/store/0r26zf3rbbliijxpqwpwca0fwddz299w-helix-25.01.1",
              "default": true
            }
          ],
          "store_path": "/nix/store/0r26zf3rbbliijxpqwpwca0fwddz299w-helix-25.01.1"
        },
        "aarch64-linux": {
          "outputs": [
            {
              "name": "out",
              "path": "/nix/store/r1lp4q0h68jz6qpphgaz4rs97fflh9ay-helix-25.01.1",
              "default": true
            }
          ],
          "store_path": "/nix/store/r1lp4q0h68jz6qpphgaz4rs97fflh9ay-helix-25.01.1"
        },
        "x86_64-darwin": {
          "outputs": [
            {
              "name": "out",
              "path": "/nix/store/k2j19cxkc2bn3mmb7sw8z3wq7x8a6nfv-helix-25.01.1",
              "default": true
            }
          ],
          "store_path": "/nix/store/k2j19cxkc2bn3mmb7sw8z3wq7x8a6nfv-helix-25.01.1"
        },
        "x86_64-linux": {
          "outputs": [
            {
              "name": "out",
              "path": "/nix/store/6g83ar5a7fan70ccg084jr20c6zdhqa2-helix-25.01.1",
              "default": true
            }
          ],
          "store_path": "/nix/store/6g83ar5a7fan70ccg084jr20c6zdhqa2-helix-25.01.1"
        }
      }
    },
    "nodejs@latest": {
      "last_modified": "2025-05-07T00:09:58Z",
      "plugin_version": "0.0.2",
      "resolved": "github:NixOS/nixpkgs/b3582c75c7f21ce0b429898980eddbbf05c68e55#nodejs_24",
      "source": "devbox-search",
      "version": "24.0.0",
      "systems": {
        "aarch64-linux": {
          "outputs": [
            {
              "name": "out",
              "path": "/nix/store/4bhnzcl6mk7i3lbmn4r5ls7i22n4qlc7-nodejs-24.0.0",
              "default": true
            },
            {
              "name": "dev",
              "path": "/nix/store/3vnslzzihs8r5qx8mci972415wlp58fk-nodejs-24.0.0-dev"
            },
            {
              "name": "libv8",
              "path": "/nix/store/wmf4gfzzby0z4gzx7qm2dilplzc1v3rx-nodejs-24.0.0-libv8"
            }
          ],
          "store_path": "/nix/store/4bhnzcl6mk7i3lbmn4r5ls7i22n4qlc7-nodejs-24.0.0"
        },
        "x86_64-linux": {
          "outputs": [
            {
              "name": "out",
              "path": "/nix/store/lv07xcpg100cv31mfcrgncwswzz708gl-nodejs-24.0.0",
              "default": true
            },
            {
              "name": "dev",
              "path": "/nix/store/kva4qpzl1mbp2m1kvsjsh888x5nhwwba-nodejs-24.0.0-dev"
            },
            {
              "name": "libv8",
              "path": "/nix/store/qmmv7bkhfk6g26iinv4xgmy14k3zjhwy-nodejs-24.0.0-libv8"
            }
          ],
          "store_path": "/nix/store/lv07xcpg100cv31mfcrgncwswzz708gl-nodejs-24.0.0"
        }
      }
    },
    "python3@latest": {
      "last_modified": "2025-01-06T03:40:18Z",
      "plugin_version": "0.0.4",
      "resolved": "github:NixOS/nixpkgs/3df3c47c19dc90fec35359e89ffb52b34d2b0e94#python3",
      "source": "devbox-search",
      "version": "3.12.8",
      "systems": {
        "aarch64-darwin": {
          "outputs": [
            {
              "name": "out",
              "path": "/nix/store/8zc3wcplydp8gsxms24scpzdca438dk5-python3-3.12.8",
              "default": true
            }
          ],
          "store_path": "/nix/store/8zc3wcplydp8gsxms24scpzdca438dk5-python3-3.12.8"
        },
        "aarch64-linux": {
          "outputs": [
            {
              "name": "out",
              "path": "/nix/store/66pn6ysmvx675061xaq2vz93s9vdc5p4-python3-3.12.8",
              "default": true
            },
            {
              "name": "debug",
              "path": "/nix/store/brcg3a34fi45ffky63g5pqd22sksvq13-python3-3.12.8-debug"
            }
          ],
          "store_path": "/nix/store/66pn6ysmvx675061xaq2vz93s9vdc5p4-python3-3.12.8"
        },
        "x86_64-darwin": {
          "outputs": [
            {
              "name": "out",
              "path": "/nix/store/fpmkmdzgd1q7kqadc7czcjdhjj7bsc0i-python3-3.12.8",
              "default": true
            }
          ],
          "store_path": "/nix/store/fpmkmdzgd1q7kqadc7czcjdhjj7bsc0i-python3-3.12.8"
        },
        "x86_64-linux": {
          "outputs": [
            {
              "name": "out",
              "path": "/nix/store/c9m6yd8fg1flz2j5r4bif1ib5j20a0cy-python3-3.12.8",
              "default": true
            },
            {
              "name": "debug",
              "path": "/nix/store/cicfrcjr8pky8qd0gxw0x84ynyviy6b5-python3-3.12.8-debug"
            }
          ],
          "store_path": "/nix/store/c9m6yd8fg1flz2j5r4bif1ib5j20a0cy-python3-3.12.8"
        }
      }
    },
    "terraform@latest": {
      "last_modified": "2025-04-17T05:47:26Z",
      "resolved": "github:NixOS/nixpkgs/ebe4301cbd8f81c4f8d3244b3632338bbeb6d49c#terraform",
      "source": "devbox-search",
      "version": "1.11.4",
      "systems": {
        "aarch64-darwin": {
          "outputs": [
            {
              "name": "out",
              "path": "/nix/store/a3a598d87dh1kcyjm6s7fl60hk534vnj-terraform-1.11.4",
              "default": true
            }
          ],
          "store_path": "/nix/store/a3a598d87dh1kcyjm6s7fl60hk534vnj-terraform-1.11.4"
        },
        "aarch64-linux": {
          "outputs": [
            {
              "name": "out",
              "path": "/nix/store/86bvwkdd872kpfhs0aar93icbbcicq9s-terraform-1.11.4",
              "default": true
            }
          ],
          "store_path": "/nix/store/86bvwkdd872kpfhs0aar93icbbcicq9s-terraform-1.11.4"
        },
        "x86_64-darwin": {
          "outputs": [
            {
              "name": "out",
              "path": "/nix/store/cnx30gz2k3g2l7vzhmmxdaw3jxwqhg21-terraform-1.11.4",
              "default": true
            }
          ],
          "store_path": "/nix/store/cnx30gz2k3g2l7vzhmmxdaw3jxwqhg21-terraform-1.11.4"
        },
        "x86_64-linux": {
          "outputs": [
            {
              "name": "out",
              "path": "/nix/store/ngq7g491c89m02lwv1rjcdvr9nbj7x1z-terraform-1.11.4",
              "default": true
            }
          ],
          "store_path": "/nix/store/ngq7g491c89m02lwv1rjcdvr9nbj7x1z-terraform-1.11.4"
        }
      }
    },
    "tmux@latest": {
      "last_modified": "2024-09-28T11:58:19Z",
      "resolved": "github:NixOS/nixpkgs/b5b2fecd0cadd82ef107c9583018f381ae70f222#tmux",
      "source": "devbox-search",
      "version": "3.5",
      "systems": {
        "aarch64-darwin": {
          "outputs": [
            {
              "name": "out",
              "path": "/nix/store/hb9rmacsyjn2jbkfl12ax66qj9z86w8l-tmux-3.5",
              "default": true
            },
            {
              "name": "man",
              "path": "/nix/store/fzmxcplr3rqr0vm642fyschn4n43q43p-tmux-3.5-man",
              "default": true
            }
          ],
          "store_path": "/nix/store/hb9rmacsyjn2jbkfl12ax66qj9z86w8l-tmux-3.5"
        },
        "aarch64-linux": {
          "outputs": [
            {
              "name": "out",
              "path": "/nix/store/02sk9lggxfn3l59fk4zcyz5mr2li0zk9-tmux-3.5",
              "default": true
            },
            {
              "name": "man",
              "path": "/nix/store/mhsiwx0famlrp02d0lkiwdjiad5kc0qi-tmux-3.5-man",
              "default": true
            }
          ],
          "store_path": "/nix/store/02sk9lggxfn3l59fk4zcyz5mr2li0zk9-tmux-3.5"
        },
        "x86_64-darwin": {
          "outputs": [
            {
              "name": "out",
              "path": "/nix/store/ssaxd12iqz2mzacm782jpmyhdwydd4ra-tmux-3.5",
              "default": true
            },
            {
              "name": "man",
              "path": "/nix/store/zwsa51g32xdfpk9q2lpvvbrixf6jzhp3-tmux-3.5-man",
              "default": true
            }
          ],
          "store_path": "/nix/store/ssaxd12iqz2mzacm782jpmyhdwydd4ra-tmux-3.5"
        },
        "x86_64-linux": {
          "outputs": [
            {
              "name": "out",
              "path": "/nix/store/ci8crawb4cqjlqsmvbr9q27hpc16pbf9-tmux-3.5",
              "default": true
            },
            {
              "name": "man",
              "path": "/nix/store/ld4q0lkfk2vkh4jj6ql01j0qyb2g8qlj-tmux-3.5-man",
              "default": true
            }
          ],
          "store_path": "/nix/store/ci8crawb4cqjlqsmvbr9q27hpc16pbf9-tmux-3.5"
        }
      }
    },
    "uv@latest": {
      "last_modified": "2025-05-01T00:57:16Z",
      "resolved": "github:NixOS/nixpkgs/3afd19146cac33ed242fc0fc87481c67c758a59e#uv",
      "source": "devbox-search",
      "version": "0.7.2",
      "systems": {
        "aarch64-darwin": {
          "outputs": [
            {
              "name": "out",
              "path": "/nix/store/rr5ifwjvxfbdx7vmalp63hrm7yn9i7pf-uv-0.7.2",
              "default": true
            }
          ],
          "store_path": "/nix/store/rr5ifwjvxfbdx7vmalp63hrm7yn9i7pf-uv-0.7.2"
        },
        "aarch64-linux": {
          "outputs": [
            {
              "name": "out",
              "path": "/nix/store/mvb76p7h7a011xh2gi628j36lwas2a65-uv-0.7.2",
              "default": true
            }
          ],
          "store_path": "/nix/store/mvb76p7h7a011xh2gi628j36lwas2a65-uv-0.7.2"
        },
        "x86_64-darwin": {
          "outputs": [
            {
              "name": "out",
              "path": "/nix/store/hyfckmfmb13gaskj8q4fznyal7c2cg6n-uv-0.7.2",
              "default": true
            }
          ],
          "store_path": "/nix/store/hyfckmfmb13gaskj8q4fznyal7c2cg6n-uv-0.7.2"
        },
        "x86_64-linux": {
          "outputs": [
            {
              "name": "out",
              "path": "/nix/store/1w2x9cmwvf8zq5ipxg2c59vyqdbl34xj-uv-0.7.2",
              "default": true
            }
          ],
          "store_path": "/nix/store/1w2x9cmwvf8zq5ipxg2c59vyqdbl34xj-uv-0.7.2"
        }
      }
    }
  }
}
